// !$*UTF8*$!
{
	archiveVersion = 1;
	classes = {
	};
	objectVersion = 54;
	objects = {

/* Begin PBXBuildFile section */
		48B8ED3E27C4FF5F0052E61A /* SettingsHelper.swift in Sources */ = {isa = PBXBuildFile; fileRef = 48B8ED3D27C4FF5F0052E61A /* SettingsHelper.swift */; };
		48B8ED4727C6591D0052E61A /* LayoutSwitcherLauncher.swift in Sources */ = {isa = PBXBuildFile; fileRef = 48B8ED4627C6591D0052E61A /* LayoutSwitcherLauncher.swift */; };
		48B8ED5B27C6625F0052E61A /* Main.storyboard in Resources */ = {isa = PBXBuildFile; fileRef = 48B8ED5927C6625F0052E61A /* Main.storyboard */; };
		48B8ED5D27C662E80052E61A /* AppDelegate.swift in Sources */ = {isa = PBXBuildFile; fileRef = 48B8ED5C27C662E80052E61A /* AppDelegate.swift */; };
		48B8ED5F27C6790D0052E61A /* main.swift in Sources */ = {isa = PBXBuildFile; fileRef = 48B8ED5E27C6790D0052E61A /* main.swift */; };
		48B8ED6127C679C20052E61A /* LayoutSwitcherLauncher.app in CopyFiles */ = {isa = PBXBuildFile; fileRef = 48B8ED4427C6591D0052E61A /* LayoutSwitcherLauncher.app */; settings = {ATTRIBUTES = (RemoveHeadersOnCopy, ); }; };
		825E597426A9BD1700B954AC /* Assets.xcassets in Resources */ = {isa = PBXBuildFile; fileRef = 825E597326A9BD1700B954AC /* Assets.xcassets */; };
/* End PBXBuildFile section */

/* Begin PBXCopyFilesBuildPhase section */
		48B8ED6027C679990052E61A /* CopyFiles */ = {
			isa = PBXCopyFilesBuildPhase;
			buildActionMask = 2147483647;
			dstPath = Contents/Library/LoginItems;
			dstSubfolderSpec = 1;
			files = (
				48B8ED6127C679C20052E61A /* LayoutSwitcherLauncher.app in CopyFiles */,
			);
			runOnlyForDeploymentPostprocessing = 0;
		};
/* End PBXCopyFilesBuildPhase section */

/* Begin PBXFileReference section */
		48B8ED3D27C4FF5F0052E61A /* SettingsHelper.swift */ = {isa = PBXFileReference; lastKnownFileType = sourcecode.swift; path = SettingsHelper.swift; sourceTree = "<group>"; };
		48B8ED4427C6591D0052E61A /* LayoutSwitcherLauncher.app */ = {isa = PBXFileReference; explicitFileType = wrapper.application; includeInIndex = 0; path = LayoutSwitcherLauncher.app; sourceTree = BUILT_PRODUCTS_DIR; };
		48B8ED4627C6591D0052E61A /* LayoutSwitcherLauncher.swift */ = {isa = PBXFileReference; lastKnownFileType = sourcecode.swift; path = LayoutSwitcherLauncher.swift; sourceTree = "<group>"; };
		48B8ED4F27C6591E0052E61A /* LayoutSwitcherLauncher.entitlements */ = {isa = PBXFileReference; lastKnownFileType = text.plist.entitlements; path = LayoutSwitcherLauncher.entitlements; sourceTree = "<group>"; };
		48B8ED5327C659F30052E61A /* Info.plist */ = {isa = PBXFileReference; lastKnownFileType = text.plist; path = Info.plist; sourceTree = "<group>"; };
		48B8ED5A27C6625F0052E61A /* Base */ = {isa = PBXFileReference; lastKnownFileType = file.storyboard; name = Base; path = Base.lproj/Main.storyboard; sourceTree = "<group>"; };
		48B8ED5C27C662E80052E61A /* AppDelegate.swift */ = {isa = PBXFileReference; fileEncoding = 4; lastKnownFileType = sourcecode.swift; path = AppDelegate.swift; sourceTree = "<group>"; };
		48B8ED5E27C6790D0052E61A /* main.swift */ = {isa = PBXFileReference; lastKnownFileType = sourcecode.swift; path = main.swift; sourceTree = "<group>"; };
		825E596C26A9BD1600B954AC /* LayoutSwitcher.app */ = {isa = PBXFileReference; explicitFileType = wrapper.application; includeInIndex = 0; path = LayoutSwitcher.app; sourceTree = BUILT_PRODUCTS_DIR; };
		825E597326A9BD1700B954AC /* Assets.xcassets */ = {isa = PBXFileReference; lastKnownFileType = folder.assetcatalog; path = Assets.xcassets; sourceTree = "<group>"; };
		825E597B26A9BD1700B954AC /* Info.plist */ = {isa = PBXFileReference; lastKnownFileType = text.plist.xml; path = Info.plist; sourceTree = "<group>"; };
		825E597C26A9BD1700B954AC /* LayoutSwitcher.entitlements */ = {isa = PBXFileReference; lastKnownFileType = text.plist.entitlements; path = LayoutSwitcher.entitlements; sourceTree = "<group>"; };
/* End PBXFileReference section */

/* Begin PBXFrameworksBuildPhase section */
		48B8ED4127C6591D0052E61A /* Frameworks */ = {
			isa = PBXFrameworksBuildPhase;
			buildActionMask = 2147483647;
			files = (
			);
			runOnlyForDeploymentPostprocessing = 0;
		};
		825E596926A9BD1600B954AC /* Frameworks */ = {
			isa = PBXFrameworksBuildPhase;
			buildActionMask = 2147483647;
			files = (
			);
			runOnlyForDeploymentPostprocessing = 0;
		};
/* End PBXFrameworksBuildPhase section */

/* Begin PBXGroup section */
		48B8ED4527C6591D0052E61A /* LayoutSwitcherLauncher */ = {
			isa = PBXGroup;
			children = (
				48B8ED5327C659F30052E61A /* Info.plist */,
				48B8ED4627C6591D0052E61A /* LayoutSwitcherLauncher.swift */,
				48B8ED4F27C6591E0052E61A /* LayoutSwitcherLauncher.entitlements */,
				48B8ED5E27C6790D0052E61A /* main.swift */,
			);
			path = LayoutSwitcherLauncher;
			sourceTree = "<group>";
		};
		825E596326A9BD1600B954AC = {
			isa = PBXGroup;
			children = (
				48B8ED4527C6591D0052E61A /* LayoutSwitcherLauncher */,
				825E596E26A9BD1600B954AC /* LayoutSwitcher */,
				825E596D26A9BD1600B954AC /* Products */,
			);
			sourceTree = "<group>";
		};
		825E596D26A9BD1600B954AC /* Products */ = {
			isa = PBXGroup;
			children = (
				825E596C26A9BD1600B954AC /* LayoutSwitcher.app */,
				48B8ED4427C6591D0052E61A /* LayoutSwitcherLauncher.app */,
			);
			name = Products;
			sourceTree = "<group>";
		};
		825E596E26A9BD1600B954AC /* LayoutSwitcher */ = {
			isa = PBXGroup;
			children = (
				48B8ED5C27C662E80052E61A /* AppDelegate.swift */,
				48B8ED3D27C4FF5F0052E61A /* SettingsHelper.swift */,
				48B8ED5927C6625F0052E61A /* Main.storyboard */,
				825E597326A9BD1700B954AC /* Assets.xcassets */,
				825E597B26A9BD1700B954AC /* Info.plist */,
				825E597C26A9BD1700B954AC /* LayoutSwitcher.entitlements */,
			);
			path = LayoutSwitcher;
			sourceTree = "<group>";
		};
/* End PBXGroup section */

/* Begin PBXNativeTarget section */
		48B8ED4327C6591D0052E61A /* LayoutSwitcherLauncher */ = {
			isa = PBXNativeTarget;
			buildConfigurationList = 48B8ED5027C6591E0052E61A /* Build configuration list for PBXNativeTarget "LayoutSwitcherLauncher" */;
			buildPhases = (
				48B8ED4027C6591D0052E61A /* Sources */,
				48B8ED4127C6591D0052E61A /* Frameworks */,
				48B8ED4227C6591D0052E61A /* Resources */,
			);
			buildRules = (
			);
			dependencies = (
			);
			name = LayoutSwitcherLauncher;
			productName = LayoutSwitcherLauncher;
			productReference = 48B8ED4427C6591D0052E61A /* LayoutSwitcherLauncher.app */;
			productType = "com.apple.product-type.application";
		};
		825E596B26A9BD1600B954AC /* LayoutSwitcher */ = {
			isa = PBXNativeTarget;
			buildConfigurationList = 825E597F26A9BD1700B954AC /* Build configuration list for PBXNativeTarget "LayoutSwitcher" */;
			buildPhases = (
				825E596826A9BD1600B954AC /* Sources */,
				825E596926A9BD1600B954AC /* Frameworks */,
				825E596A26A9BD1600B954AC /* Resources */,
				48B8ED6027C679990052E61A /* CopyFiles */,
			);
			buildRules = (
			);
			dependencies = (
			);
			name = LayoutSwitcher;
			productName = MyMenuBar;
			productReference = 825E596C26A9BD1600B954AC /* LayoutSwitcher.app */;
			productType = "com.apple.product-type.application";
		};
/* End PBXNativeTarget section */

/* Begin PBXProject section */
		825E596426A9BD1600B954AC /* Project object */ = {
			isa = PBXProject;
			attributes = {
				LastSwiftUpdateCheck = 1320;
				LastUpgradeCheck = 1250;
				TargetAttributes = {
					48B8ED4327C6591D0052E61A = {
						CreatedOnToolsVersion = 13.2.1;
					};
					825E596B26A9BD1600B954AC = {
						CreatedOnToolsVersion = 12.5.1;
					};
				};
			};
			buildConfigurationList = 825E596726A9BD1600B954AC /* Build configuration list for PBXProject "LayoutSwitcher" */;
			compatibilityVersion = "Xcode 12.0";
			developmentRegion = en;
			hasScannedForEncodings = 0;
			knownRegions = (
				en,
				Base,
			);
			mainGroup = 825E596326A9BD1600B954AC;
			productRefGroup = 825E596D26A9BD1600B954AC /* Products */;
			projectDirPath = "";
			projectRoot = "";
			targets = (
				825E596B26A9BD1600B954AC /* LayoutSwitcher */,
				48B8ED4327C6591D0052E61A /* LayoutSwitcherLauncher */,
			);
		};
/* End PBXProject section */

/* Begin PBXResourcesBuildPhase section */
		48B8ED4227C6591D0052E61A /* Resources */ = {
			isa = PBXResourcesBuildPhase;
			buildActionMask = 2147483647;
			files = (
			);
			runOnlyForDeploymentPostprocessing = 0;
		};
		825E596A26A9BD1600B954AC /* Resources */ = {
			isa = PBXResourcesBuildPhase;
			buildActionMask = 2147483647;
			files = (
				825E597426A9BD1700B954AC /* Assets.xcassets in Resources */,
				48B8ED5B27C6625F0052E61A /* Main.storyboard in Resources */,
			);
			runOnlyForDeploymentPostprocessing = 0;
		};
/* End PBXResourcesBuildPhase section */

/* Begin PBXSourcesBuildPhase section */
		48B8ED4027C6591D0052E61A /* Sources */ = {
			isa = PBXSourcesBuildPhase;
			buildActionMask = 2147483647;
			files = (
				48B8ED5F27C6790D0052E61A /* main.swift in Sources */,
				48B8ED4727C6591D0052E61A /* LayoutSwitcherLauncher.swift in Sources */,
			);
			runOnlyForDeploymentPostprocessing = 0;
		};
		825E596826A9BD1600B954AC /* Sources */ = {
			isa = PBXSourcesBuildPhase;
			buildActionMask = 2147483647;
			files = (
				48B8ED5D27C662E80052E61A /* AppDelegate.swift in Sources */,
				48B8ED3E27C4FF5F0052E61A /* SettingsHelper.swift in Sources */,
			);
			runOnlyForDeploymentPostprocessing = 0;
		};
/* End PBXSourcesBuildPhase section */

/* Begin PBXVariantGroup section */
		48B8ED5927C6625F0052E61A /* Main.storyboard */ = {
			isa = PBXVariantGroup;
			children = (
				48B8ED5A27C6625F0052E61A /* Base */,
			);
			name = Main.storyboard;
			sourceTree = "<group>";
		};
/* End PBXVariantGroup section */

/* Begin XCBuildConfiguration section */
		48B8ED5127C6591E0052E61A /* Debug */ = {
			isa = XCBuildConfiguration;
			buildSettings = {
				ASSETCATALOG_COMPILER_APPICON_NAME = AppIcon;
				ASSETCATALOG_COMPILER_GLOBAL_ACCENT_COLOR_NAME = AccentColor;
				CLANG_CXX_LANGUAGE_STANDARD = "gnu++17";
				CODE_SIGN_ENTITLEMENTS = LayoutSwitcherLauncher/LayoutSwitcherLauncher.entitlements;
				CODE_SIGN_STYLE = Automatic;
				COMBINE_HIDPI_IMAGES = YES;
				CURRENT_PROJECT_VERSION = 1;
				DEVELOPMENT_ASSET_PATHS = "";
				DEVELOPMENT_TEAM = 864YL5794R;
				ENABLE_HARDENED_RUNTIME = YES;
				ENABLE_PREVIEWS = YES;
				GENERATE_INFOPLIST_FILE = YES;
				INFOPLIST_FILE = LayoutSwitcherLauncher/Info.plist;
				INFOPLIST_KEY_NSHumanReadableCopyright = "";
				LD_RUNPATH_SEARCH_PATHS = (
					"$(inherited)",
					"@executable_path/../Frameworks",
				);
				MACOSX_DEPLOYMENT_TARGET = 10.15;
				MARKETING_VERSION = 1.0;
				PRODUCT_BUNDLE_IDENTIFIER = com.triton.layoutswitcherlauncher;
				PRODUCT_NAME = "$(TARGET_NAME)";
				SKIP_INSTALL = YES;
				SWIFT_EMIT_LOC_STRINGS = YES;
				SWIFT_VERSION = 5.0;
			};
			name = Debug;
		};
		48B8ED5227C6591E0052E61A /* Release */ = {
			isa = XCBuildConfiguration;
			buildSettings = {
				ASSETCATALOG_COMPILER_APPICON_NAME = AppIcon;
				ASSETCATALOG_COMPILER_GLOBAL_ACCENT_COLOR_NAME = AccentColor;
				CLANG_CXX_LANGUAGE_STANDARD = "gnu++17";
				CODE_SIGN_ENTITLEMENTS = LayoutSwitcherLauncher/LayoutSwitcherLauncher.entitlements;
				CODE_SIGN_STYLE = Automatic;
				COMBINE_HIDPI_IMAGES = YES;
				CURRENT_PROJECT_VERSION = 1;
				DEVELOPMENT_ASSET_PATHS = "";
				DEVELOPMENT_TEAM = 864YL5794R;
				ENABLE_HARDENED_RUNTIME = YES;
				ENABLE_PREVIEWS = YES;
				GENERATE_INFOPLIST_FILE = YES;
				INFOPLIST_FILE = LayoutSwitcherLauncher/Info.plist;
				INFOPLIST_KEY_NSHumanReadableCopyright = "";
				LD_RUNPATH_SEARCH_PATHS = (
					"$(inherited)",
					"@executable_path/../Frameworks",
				);
				MACOSX_DEPLOYMENT_TARGET = 10.15;
				MARKETING_VERSION = 1.0;
				PRODUCT_BUNDLE_IDENTIFIER = com.triton.layoutswitcherlauncher;
				PRODUCT_NAME = "$(TARGET_NAME)";
				SKIP_INSTALL = YES;
				SWIFT_EMIT_LOC_STRINGS = YES;
				SWIFT_VERSION = 5.0;
			};
			name = Release;
		};
		825E597D26A9BD1700B954AC /* Debug */ = {
			isa = XCBuildConfiguration;
			buildSettings = {
				ALWAYS_SEARCH_USER_PATHS = NO;
				CLANG_ANALYZER_NONNULL = YES;
				CLANG_ANALYZER_NUMBER_OBJECT_CONVERSION = YES_AGGRESSIVE;
				CLANG_CXX_LANGUAGE_STANDARD = "gnu++14";
				CLANG_CXX_LIBRARY = "libc++";
				CLANG_ENABLE_MODULES = YES;
				CLANG_ENABLE_OBJC_ARC = YES;
				CLANG_ENABLE_OBJC_WEAK = YES;
				CLANG_WARN_BLOCK_CAPTURE_AUTORELEASING = YES;
				CLANG_WARN_BOOL_CONVERSION = YES;
				CLANG_WARN_COMMA = YES;
				CLANG_WARN_CONSTANT_CONVERSION = YES;
				CLANG_WARN_DEPRECATED_OBJC_IMPLEMENTATIONS = YES;
				CLANG_WARN_DIRECT_OBJC_ISA_USAGE = YES_ERROR;
				CLANG_WARN_DOCUMENTATION_COMMENTS = YES;
				CLANG_WARN_EMPTY_BODY = YES;
				CLANG_WARN_ENUM_CONVERSION = YES;
				CLANG_WARN_INFINITE_RECURSION = YES;
				CLANG_WARN_INT_CONVERSION = YES;
				CLANG_WARN_NON_LITERAL_NULL_CONVERSION = YES;
				CLANG_WARN_OBJC_IMPLICIT_RETAIN_SELF = YES;
				CLANG_WARN_OBJC_LITERAL_CONVERSION = YES;
				CLANG_WARN_OBJC_ROOT_CLASS = YES_ERROR;
				CLANG_WARN_QUOTED_INCLUDE_IN_FRAMEWORK_HEADER = YES;
				CLANG_WARN_RANGE_LOOP_ANALYSIS = YES;
				CLANG_WARN_STRICT_PROTOTYPES = YES;
				CLANG_WARN_SUSPICIOUS_MOVE = YES;
				CLANG_WARN_UNGUARDED_AVAILABILITY = YES_AGGRESSIVE;
				CLANG_WARN_UNREACHABLE_CODE = YES;
				CLANG_WARN__DUPLICATE_METHOD_MATCH = YES;
				COPY_PHASE_STRIP = NO;
				DEBUG_INFORMATION_FORMAT = dwarf;
				ENABLE_STRICT_OBJC_MSGSEND = YES;
				ENABLE_TESTABILITY = YES;
				GCC_C_LANGUAGE_STANDARD = gnu11;
				GCC_DYNAMIC_NO_PIC = NO;
				GCC_NO_COMMON_BLOCKS = YES;
				GCC_OPTIMIZATION_LEVEL = 0;
				GCC_PREPROCESSOR_DEFINITIONS = (
					"DEBUG=1",
					"$(inherited)",
				);
				GCC_WARN_64_TO_32_BIT_CONVERSION = YES;
				GCC_WARN_ABOUT_RETURN_TYPE = YES_ERROR;
				GCC_WARN_UNDECLARED_SELECTOR = YES;
				GCC_WARN_UNINITIALIZED_AUTOS = YES_AGGRESSIVE;
				GCC_WARN_UNUSED_FUNCTION = YES;
				GCC_WARN_UNUSED_VARIABLE = YES;
				MACOSX_DEPLOYMENT_TARGET = 11.3;
				MTL_ENABLE_DEBUG_INFO = INCLUDE_SOURCE;
				MTL_FAST_MATH = YES;
				ONLY_ACTIVE_ARCH = YES;
				SDKROOT = macosx;
				SWIFT_ACTIVE_COMPILATION_CONDITIONS = DEBUG;
				SWIFT_OPTIMIZATION_LEVEL = "-Onone";
			};
			name = Debug;
		};
		825E597E26A9BD1700B954AC /* Release */ = {
			isa = XCBuildConfiguration;
			buildSettings = {
				ALWAYS_SEARCH_USER_PATHS = NO;
				CLANG_ANALYZER_NONNULL = YES;
				CLANG_ANALYZER_NUMBER_OBJECT_CONVERSION = YES_AGGRESSIVE;
				CLANG_CXX_LANGUAGE_STANDARD = "gnu++14";
				CLANG_CXX_LIBRARY = "libc++";
				CLANG_ENABLE_MODULES = YES;
				CLANG_ENABLE_OBJC_ARC = YES;
				CLANG_ENABLE_OBJC_WEAK = YES;
				CLANG_WARN_BLOCK_CAPTURE_AUTORELEASING = YES;
				CLANG_WARN_BOOL_CONVERSION = YES;
				CLANG_WARN_COMMA = YES;
				CLANG_WARN_CONSTANT_CONVERSION = YES;
				CLANG_WARN_DEPRECATED_OBJC_IMPLEMENTATIONS = YES;
				CLANG_WARN_DIRECT_OBJC_ISA_USAGE = YES_ERROR;
				CLANG_WARN_DOCUMENTATION_COMMENTS = YES;
				CLANG_WARN_EMPTY_BODY = YES;
				CLANG_WARN_ENUM_CONVERSION = YES;
				CLANG_WARN_INFINITE_RECURSION = YES;
				CLANG_WARN_INT_CONVERSION = YES;
				CLANG_WARN_NON_LITERAL_NULL_CONVERSION = YES;
				CLANG_WARN_OBJC_IMPLICIT_RETAIN_SELF = YES;
				CLANG_WARN_OBJC_LITERAL_CONVERSION = YES;
				CLANG_WARN_OBJC_ROOT_CLASS = YES_ERROR;
				CLANG_WARN_QUOTED_INCLUDE_IN_FRAMEWORK_HEADER = YES;
				CLANG_WARN_RANGE_LOOP_ANALYSIS = YES;
				CLANG_WARN_STRICT_PROTOTYPES = YES;
				CLANG_WARN_SUSPICIOUS_MOVE = YES;
				CLANG_WARN_UNGUARDED_AVAILABILITY = YES_AGGRESSIVE;
				CLANG_WARN_UNREACHABLE_CODE = YES;
				CLANG_WARN__DUPLICATE_METHOD_MATCH = YES;
				COPY_PHASE_STRIP = NO;
				DEBUG_INFORMATION_FORMAT = "dwarf-with-dsym";
				ENABLE_NS_ASSERTIONS = NO;
				ENABLE_STRICT_OBJC_MSGSEND = YES;
				GCC_C_LANGUAGE_STANDARD = gnu11;
				GCC_NO_COMMON_BLOCKS = YES;
				GCC_WARN_64_TO_32_BIT_CONVERSION = YES;
				GCC_WARN_ABOUT_RETURN_TYPE = YES_ERROR;
				GCC_WARN_UNDECLARED_SELECTOR = YES;
				GCC_WARN_UNINITIALIZED_AUTOS = YES_AGGRESSIVE;
				GCC_WARN_UNUSED_FUNCTION = YES;
				GCC_WARN_UNUSED_VARIABLE = YES;
				MACOSX_DEPLOYMENT_TARGET = 11.3;
				MTL_ENABLE_DEBUG_INFO = NO;
				MTL_FAST_MATH = YES;
				SDKROOT = macosx;
				SWIFT_COMPILATION_MODE = wholemodule;
				SWIFT_OPTIMIZATION_LEVEL = "-O";
			};
			name = Release;
		};
		825E598026A9BD1700B954AC /* Debug */ = {
			isa = XCBuildConfiguration;
			buildSettings = {
				ASSETCATALOG_COMPILER_APPICON_NAME = AppIcon;
				ASSETCATALOG_COMPILER_GLOBAL_ACCENT_COLOR_NAME = AccentColor;
				ASSETCATALOG_COMPILER_INCLUDE_ALL_APPICON_ASSETS = YES;
				CODE_SIGN_ENTITLEMENTS = LayoutSwitcher/LayoutSwitcher.entitlements;
				CODE_SIGN_IDENTITY = "Apple Development";
				CODE_SIGN_STYLE = Automatic;
				COMBINE_HIDPI_IMAGES = YES;
				CURRENT_PROJECT_VERSION = 6;
				DEVELOPMENT_ASSET_PATHS = "";
				DEVELOPMENT_TEAM = 864YL5794R;
				ENABLE_HARDENED_RUNTIME = YES;
				ENABLE_PREVIEWS = YES;
				INFOPLIST_FILE = LayoutSwitcher/Info.plist;
				LD_RUNPATH_SEARCH_PATHS = (
					"$(inherited)",
					"@executable_path/../Frameworks",
				);
				MACOSX_DEPLOYMENT_TARGET = 10.15;
				PRODUCT_BUNDLE_IDENTIFIER = com.triton.layoutswitcher;
				PRODUCT_NAME = "$(TARGET_NAME)";
				PROVISIONING_PROFILE_SPECIFIER = "";
				SWIFT_VERSION = 5.0;
			};
			name = Debug;
		};
		825E598126A9BD1700B954AC /* Release */ = {
			isa = XCBuildConfiguration;
			buildSettings = {
				ASSETCATALOG_COMPILER_APPICON_NAME = AppIcon;
				ASSETCATALOG_COMPILER_GLOBAL_ACCENT_COLOR_NAME = AccentColor;
				ASSETCATALOG_COMPILER_INCLUDE_ALL_APPICON_ASSETS = YES;
				CODE_SIGN_ENTITLEMENTS = LayoutSwitcher/LayoutSwitcher.entitlements;
				CODE_SIGN_IDENTITY = "Apple Development";
				CODE_SIGN_STYLE = Automatic;
				COMBINE_HIDPI_IMAGES = YES;
				CURRENT_PROJECT_VERSION = 6;
				DEVELOPMENT_ASSET_PATHS = "";
				DEVELOPMENT_TEAM = 864YL5794R;
				ENABLE_HARDENED_RUNTIME = YES;
				ENABLE_PREVIEWS = YES;
				INFOPLIST_FILE = LayoutSwitcher/Info.plist;
				LD_RUNPATH_SEARCH_PATHS = (
					"$(inherited)",
					"@executable_path/../Frameworks",
				);
				MACOSX_DEPLOYMENT_TARGET = 10.15;
				PRODUCT_BUNDLE_IDENTIFIER = com.triton.layoutswitcher;
				PRODUCT_NAME = "$(TARGET_NAME)";
				PROVISIONING_PROFILE_SPECIFIER = "";
				SWIFT_VERSION = 5.0;
			};
			name = Release;
		};
/* End XCBuildConfiguration section */

/* Begin XCConfigurationList section */
		48B8ED5027C6591E0052E61A /* Build configuration list for PBXNativeTarget "LayoutSwitcherLauncher" */ = {
			isa = XCConfigurationList;
			buildConfigurations = (
				48B8ED5127C6591E0052E61A /* Debug */,
				48B8ED5227C6591E0052E61A /* Release */,
			);
			defaultConfigurationIsVisible = 0;
			defaultConfigurationName = Release;
		};
		825E596726A9BD1600B954AC /* Build configuration list for PBXProject "LayoutSwitcher" */ = {
			isa = XCConfigurationList;
			buildConfigurations = (
				825E597D26A9BD1700B954AC /* Debug */,
				825E597E26A9BD1700B954AC /* Release */,
			);
			defaultConfigurationIsVisible = 0;
			defaultConfigurationName = Release;
		};
		825E597F26A9BD1700B954AC /* Build configuration list for PBXNativeTarget "LayoutSwitcher" */ = {
			isa = XCConfigurationList;
			buildConfigurations = (
				825E598026A9BD1700B954AC /* Debug */,
				825E598126A9BD1700B954AC /* Release */,
			);
			defaultConfigurationIsVisible = 0;
			defaultConfigurationName = Release;
		};
/* End XCConfigurationList section */
	};
	rootObject = 825E596426A9BD1600B954AC /* Project object */;
}
